// !$*UTF8*$!
{
	archiveVersion = 1;
	classes = {
	};
	objectVersion = 46;
	objects = {

/* Begin PBXBuildFile section */
		B45C7C932068BB4C001E9D1C /* main.cpp in Sources */ = {isa = PBXBuildFile; fileRef = B45C7C922068BB4C001E9D1C /* main.cpp */; };
		B45C7CAE2068D2BC001E9D1C /* Tool.cpp in Sources */ = {isa = PBXBuildFile; fileRef = B45C7CAC2068D2BC001E9D1C /* Tool.cpp */; };
		B487294D2078C804007A7B7D /* hq02.cpp in Sources */ = {isa = PBXBuildFile; fileRef = B487294B2078C804007A7B7D /* hq02.cpp */; };
		B48729502078C810007A7B7D /* ThreeNumSort.cpp in Sources */ = {isa = PBXBuildFile; fileRef = B487294E2078C810007A7B7D /* ThreeNumSort.cpp */; };
		B487295320791F11007A7B7D /* BinaryConvert.cpp in Sources */ = {isa = PBXBuildFile; fileRef = B487295120791F11007A7B7D /* BinaryConvert.cpp */; };
/* End PBXBuildFile section */

/* Begin PBXCopyFilesBuildPhase section */
		B45C7C8D2068BB4C001E9D1C /* CopyFiles */ = {
			isa = PBXCopyFilesBuildPhase;
			buildActionMask = 2147483647;
			dstPath = /usr/share/man/man1/;
			dstSubfolderSpec = 0;
			files = (
			);
			runOnlyForDeploymentPostprocessing = 1;
		};
/* End PBXCopyFilesBuildPhase section */

/* Begin PBXFileReference section */
		B45C7C8F2068BB4C001E9D1C /* HelloAlgorithm */ = {isa = PBXFileReference; explicitFileType = "compiled.mach-o.executable"; includeInIndex = 0; path = HelloAlgorithm; sourceTree = BUILT_PRODUCTS_DIR; };
		B45C7C922068BB4C001E9D1C /* main.cpp */ = {isa = PBXFileReference; lastKnownFileType = sourcecode.cpp.cpp; path = main.cpp; sourceTree = "<group>"; };
		B45C7CAC2068D2BC001E9D1C /* Tool.cpp */ = {isa = PBXFileReference; fileEncoding = 4; lastKnownFileType = sourcecode.cpp.cpp; name = Tool.cpp; path = Algorithm/Tool/Tool.cpp; sourceTree = "<group>"; };
		B45C7CAD2068D2BC001E9D1C /* Tool.hpp */ = {isa = PBXFileReference; fileEncoding = 4; lastKnownFileType = sourcecode.cpp.h; name = Tool.hpp; path = Algorithm/Tool/Tool.hpp; sourceTree = "<group>"; };
		B487294B2078C804007A7B7D /* hq02.cpp */ = {isa = PBXFileReference; fileEncoding = 4; lastKnownFileType = sourcecode.cpp.cpp; name = hq02.cpp; path = Topic/Water/hq/hq02/hq02.cpp; sourceTree = "<group>"; };
		B487294C2078C804007A7B7D /* hq02.hpp */ = {isa = PBXFileReference; fileEncoding = 4; lastKnownFileType = sourcecode.cpp.h; name = hq02.hpp; path = Topic/Water/hq/hq02/hq02.hpp; sourceTree = "<group>"; };
		B487294E2078C810007A7B7D /* ThreeNumSort.cpp */ = {isa = PBXFileReference; fileEncoding = 4; lastKnownFileType = sourcecode.cpp.cpp; name = ThreeNumSort.cpp; path = Topic/Water/am/base/ThreeNumSort.cpp; sourceTree = "<group>"; };
		B487294F2078C810007A7B7D /* ThreeNumSort.hpp */ = {isa = PBXFileReference; fileEncoding = 4; lastKnownFileType = sourcecode.cpp.h; name = ThreeNumSort.hpp; path = Topic/Water/am/base/ThreeNumSort.hpp; sourceTree = "<group>"; };
		B487295120791F11007A7B7D /* BinaryConvert.cpp */ = {isa = PBXFileReference; fileEncoding = 4; lastKnownFileType = sourcecode.cpp.cpp; name = BinaryConvert.cpp; path = Topic/Water/am/base/BinaryConvert.cpp; sourceTree = "<group>"; };
		B487295220791F11007A7B7D /* BinaryConvert.hpp */ = {isa = PBXFileReference; fileEncoding = 4; lastKnownFileType = sourcecode.cpp.h; name = BinaryConvert.hpp; path = Topic/Water/am/base/BinaryConvert.hpp; sourceTree = "<group>"; };
/* End PBXFileReference section */

/* Begin PBXFrameworksBuildPhase section */
		B45C7C8C2068BB4C001E9D1C /* Frameworks */ = {
			isa = PBXFrameworksBuildPhase;
			buildActionMask = 2147483647;
			files = (
			);
			runOnlyForDeploymentPostprocessing = 0;
		};
/* End PBXFrameworksBuildPhase section */

/* Begin PBXGroup section */
		B45C7C862068BB4C001E9D1C = {
			isa = PBXGroup;
			children = (
				B45C7C912068BB4C001E9D1C /* HelloAlgorithm */,
				B45C7C902068BB4C001E9D1C /* Products */,
			);
			sourceTree = "<group>";
		};
		B45C7C902068BB4C001E9D1C /* Products */ = {
			isa = PBXGroup;
			children = (
				B45C7C8F2068BB4C001E9D1C /* HelloAlgorithm */,
			);
			name = Products;
			sourceTree = "<group>";
		};
		B45C7C912068BB4C001E9D1C /* HelloAlgorithm */ = {
			isa = PBXGroup;
			children = (
				B45C7CA62068D11B001E9D1C /* Topic */,
				B45C7CA02068CCF3001E9D1C /* Algorithm */,
				B45C7C922068BB4C001E9D1C /* main.cpp */,
			);
			path = HelloAlgorithm;
			sourceTree = "<group>";
		};
		B45C7CA02068CCF3001E9D1C /* Algorithm */ = {
			isa = PBXGroup;
			children = (
				B45C7CA22068CDFC001E9D1C /* Tool */,
			);
			name = Algorithm;
			sourceTree = "<group>";
		};
		B45C7CA22068CDFC001E9D1C /* Tool */ = {
			isa = PBXGroup;
			children = (
				B45C7CAC2068D2BC001E9D1C /* Tool.cpp */,
				B45C7CAD2068D2BC001E9D1C /* Tool.hpp */,
			);
			name = Tool;
			sourceTree = "<group>";
		};
		B45C7CA62068D11B001E9D1C /* Topic */ = {
			isa = PBXGroup;
			children = (
				B45C7CA82068D15D001E9D1C /* Water */,
			);
			name = Topic;
			sourceTree = "<group>";
		};
		B45C7CA82068D15D001E9D1C /* Water */ = {
			isa = PBXGroup;
			children = (
				B487294A2078C725007A7B7D /* hq */,
				B48729452078C69C007A7B7D /* am */,
			);
			name = Water;
			sourceTree = "<group>";
		};
		B45C7CB22068D383001E9D1C /* hq02 */ = {
			isa = PBXGroup;
			children = (
				B487294B2078C804007A7B7D /* hq02.cpp */,
				B487294C2078C804007A7B7D /* hq02.hpp */,
			);
			name = hq02;
			sourceTree = "<group>";
		};
		B48729452078C69C007A7B7D /* am */ = {
			isa = PBXGroup;
			children = (
				B48729462078C6AE007A7B7D /* base */,
			);
			name = am;
			sourceTree = "<group>";
		};
		B48729462078C6AE007A7B7D /* base */ = {
			isa = PBXGroup;
			children = (
				B487294E2078C810007A7B7D /* ThreeNumSort.cpp */,
				B487294F2078C810007A7B7D /* ThreeNumSort.hpp */,
				B487295120791F11007A7B7D /* BinaryConvert.cpp */,
				B487295220791F11007A7B7D /* BinaryConvert.hpp */,
			);
			name = base;
			sourceTree = "<group>";
		};
		B487294A2078C725007A7B7D /* hq */ = {
			isa = PBXGroup;
			children = (
				B45C7CB22068D383001E9D1C /* hq02 */,
			);
			name = hq;
			sourceTree = "<group>";
		};
/* End PBXGroup section */

/* Begin PBXNativeTarget section */
		B45C7C8E2068BB4C001E9D1C /* HelloAlgorithm */ = {
			isa = PBXNativeTarget;
			buildConfigurationList = B45C7C962068BB4C001E9D1C /* Build configuration list for PBXNativeTarget "HelloAlgorithm" */;
			buildPhases = (
				B45C7C8B2068BB4C001E9D1C /* Sources */,
				B45C7C8C2068BB4C001E9D1C /* Frameworks */,
				B45C7C8D2068BB4C001E9D1C /* CopyFiles */,
			);
			buildRules = (
			);
			dependencies = (
			);
			name = HelloAlgorithm;
			productName = HelloAlgorithm;
			productReference = B45C7C8F2068BB4C001E9D1C /* HelloAlgorithm */;
			productType = "com.apple.product-type.tool";
		};
/* End PBXNativeTarget section */

/* Begin PBXProject section */
		B45C7C872068BB4C001E9D1C /* Project object */ = {
			isa = PBXProject;
			attributes = {
				LastUpgradeCheck = 0830;
				ORGANIZATIONNAME = hy;
				TargetAttributes = {
					B45C7C8E2068BB4C001E9D1C = {
						CreatedOnToolsVersion = 8.3.3;
						DevelopmentTeam = 357EL49PEY;
						ProvisioningStyle = Automatic;
					};
				};
			};
			buildConfigurationList = B45C7C8A2068BB4C001E9D1C /* Build configuration list for PBXProject "HelloAlgorithm" */;
			compatibilityVersion = "Xcode 3.2";
			developmentRegion = English;
			hasScannedForEncodings = 0;
			knownRegions = (
				en,
			);
			mainGroup = B45C7C862068BB4C001E9D1C;
			productRefGroup = B45C7C902068BB4C001E9D1C /* Products */;
			projectDirPath = "";
			projectRoot = "";
			targets = (
				B45C7C8E2068BB4C001E9D1C /* HelloAlgorithm */,
			);
		};
/* End PBXProject section */

/* Begin PBXSourcesBuildPhase section */
		B45C7C8B2068BB4C001E9D1C /* Sources */ = {
			isa = PBXSourcesBuildPhase;
			buildActionMask = 2147483647;
			files = (
				B45C7C932068BB4C001E9D1C /* main.cpp in Sources */,
				B487295320791F11007A7B7D /* BinaryConvert.cpp in Sources */,
				B48729502078C810007A7B7D /* ThreeNumSort.cpp in Sources */,
				B45C7CAE2068D2BC001E9D1C /* Tool.cpp in Sources */,
				B487294D2078C804007A7B7D /* hq02.cpp in Sources */,
			);
			runOnlyForDeploymentPostprocessing = 0;
		};
/* End PBXSourcesBuildPhase section */

/* Begin XCBuildConfiguration section */
		B45C7C942068BB4C001E9D1C /* Debug */ = {
			isa = XCBuildConfiguration;
			buildSettings = {
				ALWAYS_SEARCH_USER_PATHS = YES;
				CLANG_ANALYZER_NONNULL = YES;
				CLANG_ANALYZER_NUMBER_OBJECT_CONVERSION = YES_AGGRESSIVE;
				CLANG_CXX_LANGUAGE_STANDARD = "gnu++0x";
				CLANG_CXX_LIBRARY = "libc++";
				CLANG_ENABLE_MODULES = YES;
				CLANG_ENABLE_OBJC_ARC = YES;
				CLANG_WARN_BOOL_CONVERSION = YES;
				CLANG_WARN_CONSTANT_CONVERSION = YES;
				CLANG_WARN_DIRECT_OBJC_ISA_USAGE = YES_ERROR;
				CLANG_WARN_DOCUMENTATION_COMMENTS = YES;
				CLANG_WARN_EMPTY_BODY = YES;
				CLANG_WARN_ENUM_CONVERSION = YES;
				CLANG_WARN_INFINITE_RECURSION = YES;
				CLANG_WARN_INT_CONVERSION = YES;
				CLANG_WARN_OBJC_ROOT_CLASS = YES_ERROR;
				CLANG_WARN_SUSPICIOUS_MOVE = YES;
				CLANG_WARN_UNREACHABLE_CODE = YES;
				CLANG_WARN__DUPLICATE_METHOD_MATCH = YES;
				CODE_SIGN_IDENTITY = "-";
				COPY_PHASE_STRIP = NO;
				DEBUG_INFORMATION_FORMAT = dwarf;
				ENABLE_STRICT_OBJC_MSGSEND = YES;
				ENABLE_TESTABILITY = YES;
				GCC_C_LANGUAGE_STANDARD = gnu99;
				GCC_DYNAMIC_NO_PIC = NO;
				GCC_NO_COMMON_BLOCKS = YES;
				GCC_OPTIMIZATION_LEVEL = 0;
				GCC_PREPROCESSOR_DEFINITIONS = (
					"DEBUG=1",
					"$(inherited)",
				);
				GCC_WARN_64_TO_32_BIT_CONVERSION = YES;
				GCC_WARN_ABOUT_RETURN_TYPE = YES_ERROR;
				GCC_WARN_UNDECLARED_SELECTOR = YES;
				GCC_WARN_UNINITIALIZED_AUTOS = YES_AGGRESSIVE;
				GCC_WARN_UNUSED_FUNCTION = YES;
				GCC_WARN_UNUSED_VARIABLE = YES;
				MACOSX_DEPLOYMENT_TARGET = 10.12;
				MTL_ENABLE_DEBUG_INFO = YES;
				ONLY_ACTIVE_ARCH = YES;
				SDKROOT = macosx;
			};
			name = Debug;
		};
		B45C7C952068BB4C001E9D1C /* Release */ = {
			isa = XCBuildConfiguration;
			buildSettings = {
				ALWAYS_SEARCH_USER_PATHS = YES;
				CLANG_ANALYZER_NONNULL = YES;
				CLANG_ANALYZER_NUMBER_OBJECT_CONVERSION = YES_AGGRESSIVE;
				CLANG_CXX_LANGUAGE_STANDARD = "gnu++0x";
				CLANG_CXX_LIBRARY = "libc++";
				CLANG_ENABLE_MODULES = YES;
				CLANG_ENABLE_OBJC_ARC = YES;
				CLANG_WARN_BOOL_CONVERSION = YES;
				CLANG_WARN_CONSTANT_CONVERSION = YES;
				CLANG_WARN_DIRECT_OBJC_ISA_USAGE = YES_ERROR;
				CLANG_WARN_DOCUMENTATION_COMMENTS = YES;
				CLANG_WARN_EMPTY_BODY = YES;
				CLANG_WARN_ENUM_CONVERSION = YES;
				CLANG_WARN_INFINITE_RECURSION = YES;
				CLANG_WARN_INT_CONVERSION = YES;
				CLANG_WARN_OBJC_ROOT_CLASS = YES_ERROR;
				CLANG_WARN_SUSPICIOUS_MOVE = YES;
				CLANG_WARN_UNREACHABLE_CODE = YES;
				CLANG_WARN__DUPLICATE_METHOD_MATCH = YES;
				CODE_SIGN_IDENTITY = "-";
				COPY_PHASE_STRIP = NO;
				DEBUG_INFORMATION_FORMAT = "dwarf-with-dsym";
				ENABLE_NS_ASSERTIONS = NO;
				ENABLE_STRICT_OBJC_MSGSEND = YES;
				GCC_C_LANGUAGE_STANDARD = gnu99;
				GCC_NO_COMMON_BLOCKS = YES;
				GCC_WARN_64_TO_32_BIT_CONVERSION = YES;
				GCC_WARN_ABOUT_RETURN_TYPE = YES_ERROR;
				GCC_WARN_UNDECLARED_SELECTOR = YES;
				GCC_WARN_UNINITIALIZED_AUTOS = YES_AGGRESSIVE;
				GCC_WARN_UNUSED_FUNCTION = YES;
				GCC_WARN_UNUSED_VARIABLE = YES;
				MACOSX_DEPLOYMENT_TARGET = 10.12;
				MTL_ENABLE_DEBUG_INFO = NO;
				SDKROOT = macosx;
			};
			name = Release;
		};
		B45C7C972068BB4C001E9D1C /* Debug */ = {
			isa = XCBuildConfiguration;
			buildSettings = {
				DEVELOPMENT_TEAM = 357EL49PEY;
				PRODUCT_NAME = "$(TARGET_NAME)";
			};
			name = Debug;
		};
		B45C7C982068BB4C001E9D1C /* Release */ = {
			isa = XCBuildConfiguration;
			buildSettings = {
				DEVELOPMENT_TEAM = 357EL49PEY;
				PRODUCT_NAME = "$(TARGET_NAME)";
			};
			name = Release;
		};
/* End XCBuildConfiguration section */

/* Begin XCConfigurationList section */
		B45C7C8A2068BB4C001E9D1C /* Build configuration list for PBXProject "HelloAlgorithm" */ = {
			isa = XCConfigurationList;
			buildConfigurations = (
				B45C7C942068BB4C001E9D1C /* Debug */,
				B45C7C952068BB4C001E9D1C /* Release */,
			);
			defaultConfigurationIsVisible = 0;
			defaultConfigurationName = Release;
		};
		B45C7C962068BB4C001E9D1C /* Build configuration list for PBXNativeTarget "HelloAlgorithm" */ = {
			isa = XCConfigurationList;
			buildConfigurations = (
				B45C7C972068BB4C001E9D1C /* Debug */,
				B45C7C982068BB4C001E9D1C /* Release */,
			);
			defaultConfigurationIsVisible = 0;
			defaultConfigurationName = Release;
		};
/* End XCConfigurationList section */
	};
	rootObject = B45C7C872068BB4C001E9D1C /* Project object */;
}
